// !$*UTF8*$!
{
	archiveVersion = 1;
	classes = {
	};
	objectVersion = 46;
	objects = {

/* Begin PBXBuildFile section */
		3A93872C1AFA8EF600730B98 /* AppDelegate.swift in Sources */ = {isa = PBXBuildFile; fileRef = 3A93872B1AFA8EF600730B98 /* AppDelegate.swift */; };
		3A93872E1AFA8EF600730B98 /* MainViewController.swift in Sources */ = {isa = PBXBuildFile; fileRef = 3A93872D1AFA8EF600730B98 /* MainViewController.swift */; };
		3A9387311AFA8EF600730B98 /* Main.storyboard in Resources */ = {isa = PBXBuildFile; fileRef = 3A93872F1AFA8EF600730B98 /* Main.storyboard */; };
		3A9387331AFA8EF600730B98 /* Images.xcassets in Resources */ = {isa = PBXBuildFile; fileRef = 3A9387321AFA8EF600730B98 /* Images.xcassets */; };
		3A9387361AFA8EF600730B98 /* LaunchScreen.xib in Resources */ = {isa = PBXBuildFile; fileRef = 3A9387341AFA8EF600730B98 /* LaunchScreen.xib */; };
		3A9387421AFA8EF600730B98 /* HolyWeatherTests.swift in Sources */ = {isa = PBXBuildFile; fileRef = 3A9387411AFA8EF600730B98 /* HolyWeatherTests.swift */; };
		3ACC83921AFD0ACB00ECC879 /* Utilities.swift in Sources */ = {isa = PBXBuildFile; fileRef = 3ACC83911AFD0ACB00ECC879 /* Utilities.swift */; };
		3ACC839D1AFD197E00ECC879 /* InterfaceController.swift in Sources */ = {isa = PBXBuildFile; fileRef = 3ACC839C1AFD197E00ECC879 /* InterfaceController.swift */; };
		3ACC839F1AFD197E00ECC879 /* NotificationController.swift in Sources */ = {isa = PBXBuildFile; fileRef = 3ACC839E1AFD197E00ECC879 /* NotificationController.swift */; };
		3ACC83A11AFD197E00ECC879 /* GlanceController.swift in Sources */ = {isa = PBXBuildFile; fileRef = 3ACC83A01AFD197E00ECC879 /* GlanceController.swift */; };
		3ACC83A31AFD197E00ECC879 /* Images.xcassets in Resources */ = {isa = PBXBuildFile; fileRef = 3ACC83A21AFD197E00ECC879 /* Images.xcassets */; };
		3ACC83A71AFD197E00ECC879 /* HolyWeather WatchKit App.app in Resources */ = {isa = PBXBuildFile; fileRef = 3ACC83A61AFD197E00ECC879 /* HolyWeather WatchKit App.app */; };
		3ACC83AF1AFD197E00ECC879 /* Interface.storyboard in Resources */ = {isa = PBXBuildFile; fileRef = 3ACC83AD1AFD197E00ECC879 /* Interface.storyboard */; };
		3ACC83B11AFD197E00ECC879 /* Images.xcassets in Resources */ = {isa = PBXBuildFile; fileRef = 3ACC83B01AFD197E00ECC879 /* Images.xcassets */; };
		3ACC83B41AFD197E00ECC879 /* HolyWeather WatchKit Extension.appex in Embed App Extensions */ = {isa = PBXBuildFile; fileRef = 3ACC83971AFD197E00ECC879 /* HolyWeather WatchKit Extension.appex */; settings = {ATTRIBUTES = (RemoveHeadersOnCopy, ); }; };
		3AE59CA41AFA91C900F38D4B /* WeatherLocationManager.swift in Sources */ = {isa = PBXBuildFile; fileRef = 3AE59CA31AFA91C900F38D4B /* WeatherLocationManager.swift */; };
		3AE59CAB1AFAAA6700F38D4B /* UserLocation.swift in Sources */ = {isa = PBXBuildFile; fileRef = 3AE59CAA1AFAAA6700F38D4B /* UserLocation.swift */; };
		3AE59CAD1AFAAE5400F38D4B /* RequestManager.swift in Sources */ = {isa = PBXBuildFile; fileRef = 3AE59CAC1AFAAE5400F38D4B /* RequestManager.swift */; };
		3AFDB77F1AFDF7EC00E1508E /* Forecast.swift in Sources */ = {isa = PBXBuildFile; fileRef = 3AFDB77E1AFDF7EC00E1508E /* Forecast.swift */; };
		9C63AB587D3D28F6D335538B /* Pods.framework in Frameworks */ = {isa = PBXBuildFile; fileRef = 781626C72352A71533AD382B /* Pods.framework */; settings = {ATTRIBUTES = (Weak, ); }; };
/* End PBXBuildFile section */

/* Begin PBXContainerItemProxy section */
		3A93873C1AFA8EF600730B98 /* PBXContainerItemProxy */ = {
			isa = PBXContainerItemProxy;
			containerPortal = 3A93871E1AFA8EF600730B98 /* Project object */;
			proxyType = 1;
			remoteGlobalIDString = 3A9387251AFA8EF600730B98;
			remoteInfo = HolyWeather;
		};
		3ACC83A81AFD197E00ECC879 /* PBXContainerItemProxy */ = {
			isa = PBXContainerItemProxy;
			containerPortal = 3A93871E1AFA8EF600730B98 /* Project object */;
			proxyType = 1;
			remoteGlobalIDString = 3ACC83A51AFD197E00ECC879;
			remoteInfo = "HolyWeather WatchKit App";
		};
		3ACC83B21AFD197E00ECC879 /* PBXContainerItemProxy */ = {
			isa = PBXContainerItemProxy;
			containerPortal = 3A93871E1AFA8EF600730B98 /* Project object */;
			proxyType = 1;
			remoteGlobalIDString = 3ACC83961AFD197E00ECC879;
			remoteInfo = "HolyWeather WatchKit Extension";
		};
/* End PBXContainerItemProxy section */

/* Begin PBXCopyFilesBuildPhase section */
		3ACC83BB1AFD197E00ECC879 /* Embed App Extensions */ = {
			isa = PBXCopyFilesBuildPhase;
			buildActionMask = 2147483647;
			dstPath = "";
			dstSubfolderSpec = 13;
			files = (
				3ACC83B41AFD197E00ECC879 /* HolyWeather WatchKit Extension.appex in Embed App Extensions */,
			);
			name = "Embed App Extensions";
			runOnlyForDeploymentPostprocessing = 0;
		};
/* End PBXCopyFilesBuildPhase section */

/* Begin PBXFileReference section */
		3A2BCB661AFD217D00FD6853 /* HolyWeather-Bridging-Header.h */ = {isa = PBXFileReference; fileEncoding = 4; lastKnownFileType = sourcecode.c.h; path = "HolyWeather-Bridging-Header.h"; sourceTree = "<group>"; };
		3A9387261AFA8EF600730B98 /* HolyWeather.app */ = {isa = PBXFileReference; explicitFileType = wrapper.application; includeInIndex = 0; path = HolyWeather.app; sourceTree = BUILT_PRODUCTS_DIR; };
		3A93872A1AFA8EF600730B98 /* Info.plist */ = {isa = PBXFileReference; lastKnownFileType = text.plist.xml; path = Info.plist; sourceTree = "<group>"; };
		3A93872B1AFA8EF600730B98 /* AppDelegate.swift */ = {isa = PBXFileReference; lastKnownFileType = sourcecode.swift; path = AppDelegate.swift; sourceTree = "<group>"; };
		3A93872D1AFA8EF600730B98 /* MainViewController.swift */ = {isa = PBXFileReference; lastKnownFileType = sourcecode.swift; path = MainViewController.swift; sourceTree = "<group>"; };
		3A9387301AFA8EF600730B98 /* Base */ = {isa = PBXFileReference; lastKnownFileType = file.storyboard; name = Base; path = Base.lproj/Main.storyboard; sourceTree = "<group>"; };
		3A9387321AFA8EF600730B98 /* Images.xcassets */ = {isa = PBXFileReference; lastKnownFileType = folder.assetcatalog; path = Images.xcassets; sourceTree = "<group>"; };
		3A9387351AFA8EF600730B98 /* Base */ = {isa = PBXFileReference; lastKnownFileType = file.xib; name = Base; path = Base.lproj/LaunchScreen.xib; sourceTree = "<group>"; };
		3A93873B1AFA8EF600730B98 /* HolyWeatherTests.xctest */ = {isa = PBXFileReference; explicitFileType = wrapper.cfbundle; includeInIndex = 0; path = HolyWeatherTests.xctest; sourceTree = BUILT_PRODUCTS_DIR; };
		3A9387401AFA8EF600730B98 /* Info.plist */ = {isa = PBXFileReference; lastKnownFileType = text.plist.xml; path = Info.plist; sourceTree = "<group>"; };
		3A9387411AFA8EF600730B98 /* HolyWeatherTests.swift */ = {isa = PBXFileReference; lastKnownFileType = sourcecode.swift; path = HolyWeatherTests.swift; sourceTree = "<group>"; };
		3ACC83911AFD0ACB00ECC879 /* Utilities.swift */ = {isa = PBXFileReference; fileEncoding = 4; lastKnownFileType = sourcecode.swift; path = Utilities.swift; sourceTree = "<group>"; };
		3ACC83971AFD197E00ECC879 /* HolyWeather WatchKit Extension.appex */ = {isa = PBXFileReference; explicitFileType = "wrapper.app-extension"; includeInIndex = 0; path = "HolyWeather WatchKit Extension.appex"; sourceTree = BUILT_PRODUCTS_DIR; };
		3ACC839A1AFD197E00ECC879 /* Info.plist */ = {isa = PBXFileReference; lastKnownFileType = text.plist.xml; path = Info.plist; sourceTree = "<group>"; };
		3ACC839B1AFD197E00ECC879 /* PushNotificationPayload.apns */ = {isa = PBXFileReference; lastKnownFileType = text; path = PushNotificationPayload.apns; sourceTree = "<group>"; };
		3ACC839C1AFD197E00ECC879 /* InterfaceController.swift */ = {isa = PBXFileReference; lastKnownFileType = sourcecode.swift; path = InterfaceController.swift; sourceTree = "<group>"; };
		3ACC839E1AFD197E00ECC879 /* NotificationController.swift */ = {isa = PBXFileReference; lastKnownFileType = sourcecode.swift; path = NotificationController.swift; sourceTree = "<group>"; };
		3ACC83A01AFD197E00ECC879 /* GlanceController.swift */ = {isa = PBXFileReference; lastKnownFileType = sourcecode.swift; path = GlanceController.swift; sourceTree = "<group>"; };
		3ACC83A21AFD197E00ECC879 /* Images.xcassets */ = {isa = PBXFileReference; lastKnownFileType = folder.assetcatalog; path = Images.xcassets; sourceTree = "<group>"; };
		3ACC83A61AFD197E00ECC879 /* HolyWeather WatchKit App.app */ = {isa = PBXFileReference; explicitFileType = wrapper.application; includeInIndex = 0; path = "HolyWeather WatchKit App.app"; sourceTree = BUILT_PRODUCTS_DIR; };
		3ACC83AC1AFD197E00ECC879 /* Info.plist */ = {isa = PBXFileReference; lastKnownFileType = text.plist.xml; path = Info.plist; sourceTree = "<group>"; };
		3ACC83AE1AFD197E00ECC879 /* Base */ = {isa = PBXFileReference; lastKnownFileType = file.storyboard; name = Base; path = Base.lproj/Interface.storyboard; sourceTree = "<group>"; };
		3ACC83B01AFD197E00ECC879 /* Images.xcassets */ = {isa = PBXFileReference; lastKnownFileType = folder.assetcatalog; path = Images.xcassets; sourceTree = "<group>"; };
		3AE59CA31AFA91C900F38D4B /* WeatherLocationManager.swift */ = {isa = PBXFileReference; fileEncoding = 4; lastKnownFileType = sourcecode.swift; path = WeatherLocationManager.swift; sourceTree = "<group>"; };
		3AE59CAA1AFAAA6700F38D4B /* UserLocation.swift */ = {isa = PBXFileReference; fileEncoding = 4; lastKnownFileType = sourcecode.swift; path = UserLocation.swift; sourceTree = "<group>"; };
		3AE59CAC1AFAAE5400F38D4B /* RequestManager.swift */ = {isa = PBXFileReference; fileEncoding = 4; lastKnownFileType = sourcecode.swift; path = RequestManager.swift; sourceTree = "<group>"; };
		3AFDB77E1AFDF7EC00E1508E /* Forecast.swift */ = {isa = PBXFileReference; fileEncoding = 4; lastKnownFileType = sourcecode.swift; path = Forecast.swift; sourceTree = "<group>"; };
		553D12D011B0785374011C88 /* Pods.release.xcconfig */ = {isa = PBXFileReference; includeInIndex = 1; lastKnownFileType = text.xcconfig; name = Pods.release.xcconfig; path = "Pods/Target Support Files/Pods/Pods.release.xcconfig"; sourceTree = "<group>"; };
		781626C72352A71533AD382B /* Pods.framework */ = {isa = PBXFileReference; explicitFileType = wrapper.framework; includeInIndex = 0; path = Pods.framework; sourceTree = BUILT_PRODUCTS_DIR; };
		BFDE258AA9937F9FBEDEDA07 /* Pods.debug.xcconfig */ = {isa = PBXFileReference; includeInIndex = 1; lastKnownFileType = text.xcconfig; name = Pods.debug.xcconfig; path = "Pods/Target Support Files/Pods/Pods.debug.xcconfig"; sourceTree = "<group>"; };
/* End PBXFileReference section */

/* Begin PBXFrameworksBuildPhase section */
		3A9387231AFA8EF600730B98 /* Frameworks */ = {
			isa = PBXFrameworksBuildPhase;
			buildActionMask = 2147483647;
			files = (
				9C63AB587D3D28F6D335538B /* Pods.framework in Frameworks */,
			);
			runOnlyForDeploymentPostprocessing = 0;
		};
		3A9387381AFA8EF600730B98 /* Frameworks */ = {
			isa = PBXFrameworksBuildPhase;
			buildActionMask = 2147483647;
			files = (
			);
			runOnlyForDeploymentPostprocessing = 0;
		};
		3ACC83941AFD197E00ECC879 /* Frameworks */ = {
			isa = PBXFrameworksBuildPhase;
			buildActionMask = 2147483647;
			files = (
			);
			runOnlyForDeploymentPostprocessing = 0;
		};
/* End PBXFrameworksBuildPhase section */

/* Begin PBXGroup section */
		3A93871D1AFA8EF600730B98 = {
			isa = PBXGroup;
			children = (
				3A2BCB661AFD217D00FD6853 /* HolyWeather-Bridging-Header.h */,
				3A9387281AFA8EF600730B98 /* HolyWeather */,
				3A93873E1AFA8EF600730B98 /* HolyWeatherTests */,
				3ACC83981AFD197E00ECC879 /* HolyWeather WatchKit Extension */,
				3ACC83AA1AFD197E00ECC879 /* HolyWeather WatchKit App */,
				3A9387271AFA8EF600730B98 /* Products */,
				D87029E26D606B3742CB357E /* Pods */,
				AEFE2B5E36CE317845A339D8 /* Frameworks */,
			);
			sourceTree = "<group>";
		};
		3A9387271AFA8EF600730B98 /* Products */ = {
			isa = PBXGroup;
			children = (
				3A9387261AFA8EF600730B98 /* HolyWeather.app */,
				3A93873B1AFA8EF600730B98 /* HolyWeatherTests.xctest */,
				3ACC83971AFD197E00ECC879 /* HolyWeather WatchKit Extension.appex */,
				3ACC83A61AFD197E00ECC879 /* HolyWeather WatchKit App.app */,
			);
			name = Products;
			sourceTree = "<group>";
		};
		3A9387281AFA8EF600730B98 /* HolyWeather */ = {
			isa = PBXGroup;
			children = (
				3A93874C1AFA8F0E00730B98 /* Views */,
				3A93874B1AFA8F0100730B98 /* Classes */,
				3A93872B1AFA8EF600730B98 /* AppDelegate.swift */,
				3A9387321AFA8EF600730B98 /* Images.xcassets */,
				3A9387291AFA8EF600730B98 /* Supporting Files */,
			);
			path = HolyWeather;
			sourceTree = "<group>";
		};
		3A9387291AFA8EF600730B98 /* Supporting Files */ = {
			isa = PBXGroup;
			children = (
				3A93872A1AFA8EF600730B98 /* Info.plist */,
			);
			name = "Supporting Files";
			sourceTree = "<group>";
		};
		3A93873E1AFA8EF600730B98 /* HolyWeatherTests */ = {
			isa = PBXGroup;
			children = (
				3A9387411AFA8EF600730B98 /* HolyWeatherTests.swift */,
				3A93873F1AFA8EF600730B98 /* Supporting Files */,
			);
			path = HolyWeatherTests;
			sourceTree = "<group>";
		};
		3A93873F1AFA8EF600730B98 /* Supporting Files */ = {
			isa = PBXGroup;
			children = (
				3A9387401AFA8EF600730B98 /* Info.plist */,
			);
			name = "Supporting Files";
			sourceTree = "<group>";
		};
		3A93874B1AFA8F0100730B98 /* Classes */ = {
			isa = PBXGroup;
			children = (
				3AE59CA91AFAAA5000F38D4B /* Helper */,
				3AE59CA81AFAAA3700F38D4B /* Controllers */,
				3AE59CA71AFAAA2F00F38D4B /* Models */,
			);
			name = Classes;
			sourceTree = "<group>";
		};
		3A93874C1AFA8F0E00730B98 /* Views */ = {
			isa = PBXGroup;
			children = (
				3A93872F1AFA8EF600730B98 /* Main.storyboard */,
				3A9387341AFA8EF600730B98 /* LaunchScreen.xib */,
			);
			name = Views;
			sourceTree = "<group>";
		};
		3ACC83981AFD197E00ECC879 /* HolyWeather WatchKit Extension */ = {
			isa = PBXGroup;
			children = (
				3ACC839C1AFD197E00ECC879 /* InterfaceController.swift */,
				3ACC839E1AFD197E00ECC879 /* NotificationController.swift */,
				3ACC83A01AFD197E00ECC879 /* GlanceController.swift */,
				3ACC83A21AFD197E00ECC879 /* Images.xcassets */,
				3ACC83991AFD197E00ECC879 /* Supporting Files */,
			);
			path = "HolyWeather WatchKit Extension";
			sourceTree = "<group>";
		};
		3ACC83991AFD197E00ECC879 /* Supporting Files */ = {
			isa = PBXGroup;
			children = (
				3ACC839A1AFD197E00ECC879 /* Info.plist */,
				3ACC839B1AFD197E00ECC879 /* PushNotificationPayload.apns */,
			);
			name = "Supporting Files";
			sourceTree = "<group>";
		};
		3ACC83AA1AFD197E00ECC879 /* HolyWeather WatchKit App */ = {
			isa = PBXGroup;
			children = (
				3ACC83AD1AFD197E00ECC879 /* Interface.storyboard */,
				3ACC83B01AFD197E00ECC879 /* Images.xcassets */,
				3ACC83AB1AFD197E00ECC879 /* Supporting Files */,
			);
			path = "HolyWeather WatchKit App";
			sourceTree = "<group>";
		};
		3ACC83AB1AFD197E00ECC879 /* Supporting Files */ = {
			isa = PBXGroup;
			children = (
				3ACC83AC1AFD197E00ECC879 /* Info.plist */,
			);
			name = "Supporting Files";
			sourceTree = "<group>";
		};
		3AE59CA71AFAAA2F00F38D4B /* Models */ = {
			isa = PBXGroup;
			children = (
				3AE59CAA1AFAAA6700F38D4B /* UserLocation.swift */,
				3AFDB77E1AFDF7EC00E1508E /* Forecast.swift */,
			);
			name = Models;
			sourceTree = "<group>";
		};
		3AE59CA81AFAAA3700F38D4B /* Controllers */ = {
			isa = PBXGroup;
			children = (
				3A93872D1AFA8EF600730B98 /* MainViewController.swift */,
			);
			name = Controllers;
			sourceTree = "<group>";
		};
		3AE59CA91AFAAA5000F38D4B /* Helper */ = {
			isa = PBXGroup;
			children = (
				3AE59CA31AFA91C900F38D4B /* WeatherLocationManager.swift */,
				3AE59CAC1AFAAE5400F38D4B /* RequestManager.swift */,
				3ACC83911AFD0ACB00ECC879 /* Utilities.swift */,
			);
			name = Helper;
			sourceTree = "<group>";
		};
		AEFE2B5E36CE317845A339D8 /* Frameworks */ = {
			isa = PBXGroup;
			children = (
				781626C72352A71533AD382B /* Pods.framework */,
			);
			name = Frameworks;
			sourceTree = "<group>";
		};
		D87029E26D606B3742CB357E /* Pods */ = {
			isa = PBXGroup;
			children = (
				BFDE258AA9937F9FBEDEDA07 /* Pods.debug.xcconfig */,
				553D12D011B0785374011C88 /* Pods.release.xcconfig */,
			);
			name = Pods;
			sourceTree = "<group>";
		};
/* End PBXGroup section */

/* Begin PBXNativeTarget section */
		3A9387251AFA8EF600730B98 /* HolyWeather */ = {
			isa = PBXNativeTarget;
			buildConfigurationList = 3A9387451AFA8EF600730B98 /* Build configuration list for PBXNativeTarget "HolyWeather" */;
			buildPhases = (
				5FAE0697CBE32FF349CA846F /* Check Pods Manifest.lock */,
				3A9387221AFA8EF600730B98 /* Sources */,
				3A9387231AFA8EF600730B98 /* Frameworks */,
				3A9387241AFA8EF600730B98 /* Resources */,
				B0D0551470421D184F8BDE4A /* Embed Pods Frameworks */,
				7F8F678D6822E53BAFACE89D /* Copy Pods Resources */,
				3ACC83BB1AFD197E00ECC879 /* Embed App Extensions */,
			);
			buildRules = (
			);
			dependencies = (
				3ACC83B31AFD197E00ECC879 /* PBXTargetDependency */,
			);
			name = HolyWeather;
			productName = HolyWeather;
			productReference = 3A9387261AFA8EF600730B98 /* HolyWeather.app */;
			productType = "com.apple.product-type.application";
		};
		3A93873A1AFA8EF600730B98 /* HolyWeatherTests */ = {
			isa = PBXNativeTarget;
			buildConfigurationList = 3A9387481AFA8EF600730B98 /* Build configuration list for PBXNativeTarget "HolyWeatherTests" */;
			buildPhases = (
				3A9387371AFA8EF600730B98 /* Sources */,
				3A9387381AFA8EF600730B98 /* Frameworks */,
				3A9387391AFA8EF600730B98 /* Resources */,
			);
			buildRules = (
			);
			dependencies = (
				3A93873D1AFA8EF600730B98 /* PBXTargetDependency */,
			);
			name = HolyWeatherTests;
			productName = HolyWeatherTests;
			productReference = 3A93873B1AFA8EF600730B98 /* HolyWeatherTests.xctest */;
			productType = "com.apple.product-type.bundle.unit-test";
		};
		3ACC83961AFD197E00ECC879 /* HolyWeather WatchKit Extension */ = {
			isa = PBXNativeTarget;
			buildConfigurationList = 3ACC83B81AFD197E00ECC879 /* Build configuration list for PBXNativeTarget "HolyWeather WatchKit Extension" */;
			buildPhases = (
				3ACC83931AFD197E00ECC879 /* Sources */,
				3ACC83941AFD197E00ECC879 /* Frameworks */,
				3ACC83951AFD197E00ECC879 /* Resources */,
			);
			buildRules = (
			);
			dependencies = (
				3ACC83A91AFD197E00ECC879 /* PBXTargetDependency */,
			);
			name = "HolyWeather WatchKit Extension";
			productName = "HolyWeather WatchKit Extension";
			productReference = 3ACC83971AFD197E00ECC879 /* HolyWeather WatchKit Extension.appex */;
			productType = "com.apple.product-type.watchkit-extension";
		};
		3ACC83A51AFD197E00ECC879 /* HolyWeather WatchKit App */ = {
			isa = PBXNativeTarget;
			buildConfigurationList = 3ACC83B51AFD197E00ECC879 /* Build configuration list for PBXNativeTarget "HolyWeather WatchKit App" */;
			buildPhases = (
				3ACC83A41AFD197E00ECC879 /* Resources */,
			);
			buildRules = (
			);
			dependencies = (
			);
			name = "HolyWeather WatchKit App";
			productName = "HolyWeather WatchKit App";
			productReference = 3ACC83A61AFD197E00ECC879 /* HolyWeather WatchKit App.app */;
			productType = "com.apple.product-type.application.watchapp";
		};
/* End PBXNativeTarget section */

/* Begin PBXProject section */
		3A93871E1AFA8EF600730B98 /* Project object */ = {
			isa = PBXProject;
			attributes = {
				LastUpgradeCheck = 0630;
				ORGANIZATIONNAME = "Hans Knoechel";
				TargetAttributes = {
					3A9387251AFA8EF600730B98 = {
						CreatedOnToolsVersion = 6.3.1;
					};
					3A93873A1AFA8EF600730B98 = {
						CreatedOnToolsVersion = 6.3.1;
						TestTargetID = 3A9387251AFA8EF600730B98;
					};
					3ACC83961AFD197E00ECC879 = {
						CreatedOnToolsVersion = 6.3.1;
					};
					3ACC83A51AFD197E00ECC879 = {
						CreatedOnToolsVersion = 6.3.1;
					};
				};
			};
			buildConfigurationList = 3A9387211AFA8EF600730B98 /* Build configuration list for PBXProject "HolyWeather" */;
			compatibilityVersion = "Xcode 3.2";
			developmentRegion = English;
			hasScannedForEncodings = 0;
			knownRegions = (
				en,
				Base,
			);
			mainGroup = 3A93871D1AFA8EF600730B98;
			productRefGroup = 3A9387271AFA8EF600730B98 /* Products */;
			projectDirPath = "";
			projectRoot = "";
			targets = (
				3A9387251AFA8EF600730B98 /* HolyWeather */,
				3A93873A1AFA8EF600730B98 /* HolyWeatherTests */,
				3ACC83961AFD197E00ECC879 /* HolyWeather WatchKit Extension */,
				3ACC83A51AFD197E00ECC879 /* HolyWeather WatchKit App */,
			);
		};
/* End PBXProject section */

/* Begin PBXResourcesBuildPhase section */
		3A9387241AFA8EF600730B98 /* Resources */ = {
			isa = PBXResourcesBuildPhase;
			buildActionMask = 2147483647;
			files = (
				3A9387311AFA8EF600730B98 /* Main.storyboard in Resources */,
				3A9387361AFA8EF600730B98 /* LaunchScreen.xib in Resources */,
				3A9387331AFA8EF600730B98 /* Images.xcassets in Resources */,
			);
			runOnlyForDeploymentPostprocessing = 0;
		};
		3A9387391AFA8EF600730B98 /* Resources */ = {
			isa = PBXResourcesBuildPhase;
			buildActionMask = 2147483647;
			files = (
			);
			runOnlyForDeploymentPostprocessing = 0;
		};
		3ACC83951AFD197E00ECC879 /* Resources */ = {
			isa = PBXResourcesBuildPhase;
			buildActionMask = 2147483647;
			files = (
				3ACC83A31AFD197E00ECC879 /* Images.xcassets in Resources */,
				3ACC83A71AFD197E00ECC879 /* HolyWeather WatchKit App.app in Resources */,
			);
			runOnlyForDeploymentPostprocessing = 0;
		};
		3ACC83A41AFD197E00ECC879 /* Resources */ = {
			isa = PBXResourcesBuildPhase;
			buildActionMask = 2147483647;
			files = (
				3ACC83AF1AFD197E00ECC879 /* Interface.storyboard in Resources */,
				3ACC83B11AFD197E00ECC879 /* Images.xcassets in Resources */,
			);
			runOnlyForDeploymentPostprocessing = 0;
		};
/* End PBXResourcesBuildPhase section */

/* Begin PBXShellScriptBuildPhase section */
		5FAE0697CBE32FF349CA846F /* Check Pods Manifest.lock */ = {
			isa = PBXShellScriptBuildPhase;
			buildActionMask = 2147483647;
			files = (
			);
			inputPaths = (
			);
			name = "Check Pods Manifest.lock";
			outputPaths = (
			);
			runOnlyForDeploymentPostprocessing = 0;
			shellPath = /bin/sh;
			shellScript = "diff \"${PODS_ROOT}/../Podfile.lock\" \"${PODS_ROOT}/Manifest.lock\" > /dev/null\nif [[ $? != 0 ]] ; then\n    cat << EOM\nerror: The sandbox is not in sync with the Podfile.lock. Run 'pod install' or update your CocoaPods installation.\nEOM\n    exit 1\nfi\n";
			showEnvVarsInLog = 0;
		};
		7F8F678D6822E53BAFACE89D /* Copy Pods Resources */ = {
			isa = PBXShellScriptBuildPhase;
			buildActionMask = 2147483647;
			files = (
			);
			inputPaths = (
			);
			name = "Copy Pods Resources";
			outputPaths = (
			);
			runOnlyForDeploymentPostprocessing = 0;
			shellPath = /bin/sh;
			shellScript = "\"${SRCROOT}/Pods/Target Support Files/Pods/Pods-resources.sh\"\n";
			showEnvVarsInLog = 0;
		};
		B0D0551470421D184F8BDE4A /* Embed Pods Frameworks */ = {
			isa = PBXShellScriptBuildPhase;
			buildActionMask = 2147483647;
			files = (
			);
			inputPaths = (
			);
			name = "Embed Pods Frameworks";
			outputPaths = (
			);
			runOnlyForDeploymentPostprocessing = 0;
			shellPath = /bin/sh;
			shellScript = "\"${SRCROOT}/Pods/Target Support Files/Pods/Pods-frameworks.sh\"\n";
			showEnvVarsInLog = 0;
		};
/* End PBXShellScriptBuildPhase section */

/* Begin PBXSourcesBuildPhase section */
		3A9387221AFA8EF600730B98 /* Sources */ = {
			isa = PBXSourcesBuildPhase;
			buildActionMask = 2147483647;
			files = (
				3ACC83921AFD0ACB00ECC879 /* Utilities.swift in Sources */,
				3A93872E1AFA8EF600730B98 /* MainViewController.swift in Sources */,
				3AFDB77F1AFDF7EC00E1508E /* Forecast.swift in Sources */,
				3A93872C1AFA8EF600730B98 /* AppDelegate.swift in Sources */,
				3AE59CA41AFA91C900F38D4B /* WeatherLocationManager.swift in Sources */,
				3AE59CAD1AFAAE5400F38D4B /* RequestManager.swift in Sources */,
				3AE59CAB1AFAAA6700F38D4B /* UserLocation.swift in Sources */,
			);
			runOnlyForDeploymentPostprocessing = 0;
		};
		3A9387371AFA8EF600730B98 /* Sources */ = {
			isa = PBXSourcesBuildPhase;
			buildActionMask = 2147483647;
			files = (
				3A9387421AFA8EF600730B98 /* HolyWeatherTests.swift in Sources */,
			);
			runOnlyForDeploymentPostprocessing = 0;
		};
		3ACC83931AFD197E00ECC879 /* Sources */ = {
			isa = PBXSourcesBuildPhase;
			buildActionMask = 2147483647;
			files = (
				3ACC839F1AFD197E00ECC879 /* NotificationController.swift in Sources */,
				3ACC839D1AFD197E00ECC879 /* InterfaceController.swift in Sources */,
				3ACC83A11AFD197E00ECC879 /* GlanceController.swift in Sources */,
			);
			runOnlyForDeploymentPostprocessing = 0;
		};
/* End PBXSourcesBuildPhase section */

/* Begin PBXTargetDependency section */
		3A93873D1AFA8EF600730B98 /* PBXTargetDependency */ = {
			isa = PBXTargetDependency;
			target = 3A9387251AFA8EF600730B98 /* HolyWeather */;
			targetProxy = 3A93873C1AFA8EF600730B98 /* PBXContainerItemProxy */;
		};
		3ACC83A91AFD197E00ECC879 /* PBXTargetDependency */ = {
			isa = PBXTargetDependency;
			target = 3ACC83A51AFD197E00ECC879 /* HolyWeather WatchKit App */;
			targetProxy = 3ACC83A81AFD197E00ECC879 /* PBXContainerItemProxy */;
		};
		3ACC83B31AFD197E00ECC879 /* PBXTargetDependency */ = {
			isa = PBXTargetDependency;
			target = 3ACC83961AFD197E00ECC879 /* HolyWeather WatchKit Extension */;
			targetProxy = 3ACC83B21AFD197E00ECC879 /* PBXContainerItemProxy */;
		};
/* End PBXTargetDependency section */

/* Begin PBXVariantGroup section */
		3A93872F1AFA8EF600730B98 /* Main.storyboard */ = {
			isa = PBXVariantGroup;
			children = (
				3A9387301AFA8EF600730B98 /* Base */,
			);
			name = Main.storyboard;
			sourceTree = "<group>";
		};
		3A9387341AFA8EF600730B98 /* LaunchScreen.xib */ = {
			isa = PBXVariantGroup;
			children = (
				3A9387351AFA8EF600730B98 /* Base */,
			);
			name = LaunchScreen.xib;
			sourceTree = "<group>";
		};
		3ACC83AD1AFD197E00ECC879 /* Interface.storyboard */ = {
			isa = PBXVariantGroup;
			children = (
				3ACC83AE1AFD197E00ECC879 /* Base */,
			);
			name = Interface.storyboard;
			sourceTree = "<group>";
		};
/* End PBXVariantGroup section */

/* Begin XCBuildConfiguration section */
		3A9387431AFA8EF600730B98 /* Debug */ = {
			isa = XCBuildConfiguration;
			buildSettings = {
				ALWAYS_SEARCH_USER_PATHS = NO;
				CLANG_CXX_LANGUAGE_STANDARD = "gnu++0x";
				CLANG_CXX_LIBRARY = "libc++";
				CLANG_ENABLE_MODULES = YES;
				CLANG_ENABLE_OBJC_ARC = YES;
				CLANG_WARN_BOOL_CONVERSION = YES;
				CLANG_WARN_CONSTANT_CONVERSION = YES;
				CLANG_WARN_DIRECT_OBJC_ISA_USAGE = YES_ERROR;
				CLANG_WARN_EMPTY_BODY = YES;
				CLANG_WARN_ENUM_CONVERSION = YES;
				CLANG_WARN_INT_CONVERSION = YES;
				CLANG_WARN_OBJC_ROOT_CLASS = YES_ERROR;
				CLANG_WARN_UNREACHABLE_CODE = YES;
				CLANG_WARN__DUPLICATE_METHOD_MATCH = YES;
				"CODE_SIGN_IDENTITY[sdk=iphoneos*]" = "iPhone Developer";
				COPY_PHASE_STRIP = NO;
				DEBUG_INFORMATION_FORMAT = "dwarf-with-dsym";
				ENABLE_STRICT_OBJC_MSGSEND = YES;
				GCC_C_LANGUAGE_STANDARD = gnu99;
				GCC_DYNAMIC_NO_PIC = NO;
				GCC_NO_COMMON_BLOCKS = YES;
				GCC_OPTIMIZATION_LEVEL = 0;
				GCC_PREPROCESSOR_DEFINITIONS = (
					"DEBUG=1",
					"$(inherited)",
				);
				GCC_SYMBOLS_PRIVATE_EXTERN = NO;
				GCC_WARN_64_TO_32_BIT_CONVERSION = YES;
				GCC_WARN_ABOUT_RETURN_TYPE = YES_ERROR;
				GCC_WARN_UNDECLARED_SELECTOR = YES;
				GCC_WARN_UNINITIALIZED_AUTOS = YES_AGGRESSIVE;
				GCC_WARN_UNUSED_FUNCTION = YES;
				GCC_WARN_UNUSED_VARIABLE = YES;
				IPHONEOS_DEPLOYMENT_TARGET = 8.3;
				MTL_ENABLE_DEBUG_INFO = YES;
				ONLY_ACTIVE_ARCH = YES;
				SDKROOT = iphoneos;
				SWIFT_OPTIMIZATION_LEVEL = "-Onone";
				TARGETED_DEVICE_FAMILY = "1,2";
			};
			name = Debug;
		};
		3A9387441AFA8EF600730B98 /* Release */ = {
			isa = XCBuildConfiguration;
			buildSettings = {
				ALWAYS_SEARCH_USER_PATHS = NO;
				CLANG_CXX_LANGUAGE_STANDARD = "gnu++0x";
				CLANG_CXX_LIBRARY = "libc++";
				CLANG_ENABLE_MODULES = YES;
				CLANG_ENABLE_OBJC_ARC = YES;
				CLANG_WARN_BOOL_CONVERSION = YES;
				CLANG_WARN_CONSTANT_CONVERSION = YES;
				CLANG_WARN_DIRECT_OBJC_ISA_USAGE = YES_ERROR;
				CLANG_WARN_EMPTY_BODY = YES;
				CLANG_WARN_ENUM_CONVERSION = YES;
				CLANG_WARN_INT_CONVERSION = YES;
				CLANG_WARN_OBJC_ROOT_CLASS = YES_ERROR;
				CLANG_WARN_UNREACHABLE_CODE = YES;
				CLANG_WARN__DUPLICATE_METHOD_MATCH = YES;
				"CODE_SIGN_IDENTITY[sdk=iphoneos*]" = "iPhone Developer";
				COPY_PHASE_STRIP = NO;
				DEBUG_INFORMATION_FORMAT = "dwarf-with-dsym";
				ENABLE_NS_ASSERTIONS = NO;
				ENABLE_STRICT_OBJC_MSGSEND = YES;
				GCC_C_LANGUAGE_STANDARD = gnu99;
				GCC_NO_COMMON_BLOCKS = YES;
				GCC_WARN_64_TO_32_BIT_CONVERSION = YES;
				GCC_WARN_ABOUT_RETURN_TYPE = YES_ERROR;
				GCC_WARN_UNDECLARED_SELECTOR = YES;
				GCC_WARN_UNINITIALIZED_AUTOS = YES_AGGRESSIVE;
				GCC_WARN_UNUSED_FUNCTION = YES;
				GCC_WARN_UNUSED_VARIABLE = YES;
				IPHONEOS_DEPLOYMENT_TARGET = 8.3;
				MTL_ENABLE_DEBUG_INFO = NO;
				SDKROOT = iphoneos;
				TARGETED_DEVICE_FAMILY = "1,2";
				VALIDATE_PRODUCT = YES;
			};
			name = Release;
		};
		3A9387461AFA8EF600730B98 /* Debug */ = {
			isa = XCBuildConfiguration;
			baseConfigurationReference = BFDE258AA9937F9FBEDEDA07 /* Pods.debug.xcconfig */;
			buildSettings = {
				ASSETCATALOG_COMPILER_APPICON_NAME = AppIcon;
				CLANG_ENABLE_MODULES = YES;
				EMBEDDED_CONTENT_CONTAINS_SWIFT = YES;
				INFOPLIST_FILE = HolyWeather/Info.plist;
				LD_RUNPATH_SEARCH_PATHS = "$(inherited) @executable_path/Frameworks";
				PRODUCT_NAME = "$(TARGET_NAME)";
				SWIFT_OBJC_BRIDGING_HEADER = "HolyWeather-Bridging-Header.h";
				SWIFT_OPTIMIZATION_LEVEL = "-Onone";
			};
			name = Debug;
		};
		3A9387471AFA8EF600730B98 /* Release */ = {
			isa = XCBuildConfiguration;
			baseConfigurationReference = 553D12D011B0785374011C88 /* Pods.release.xcconfig */;
			buildSettings = {
				ASSETCATALOG_COMPILER_APPICON_NAME = AppIcon;
				CLANG_ENABLE_MODULES = YES;
				EMBEDDED_CONTENT_CONTAINS_SWIFT = YES;
				INFOPLIST_FILE = HolyWeather/Info.plist;
				LD_RUNPATH_SEARCH_PATHS = "$(inherited) @executable_path/Frameworks";
				PRODUCT_NAME = "$(TARGET_NAME)";
				SWIFT_OBJC_BRIDGING_HEADER = "HolyWeather-Bridging-Header.h";
			};
			name = Release;
		};
		3A9387491AFA8EF600730B98 /* Debug */ = {
			isa = XCBuildConfiguration;
			buildSettings = {
				BUNDLE_LOADER = "$(TEST_HOST)";
				FRAMEWORK_SEARCH_PATHS = (
					"$(SDKROOT)/Developer/Library/Frameworks",
					"$(inherited)",
				);
				GCC_PREPROCESSOR_DEFINITIONS = (
					"DEBUG=1",
					"$(inherited)",
				);
				INFOPLIST_FILE = HolyWeatherTests/Info.plist;
				LD_RUNPATH_SEARCH_PATHS = "$(inherited) @executable_path/Frameworks @loader_path/Frameworks";
				PRODUCT_NAME = "$(TARGET_NAME)";
				TEST_HOST = "$(BUILT_PRODUCTS_DIR)/HolyWeather.app/HolyWeather";
			};
			name = Debug;
		};
		3A93874A1AFA8EF600730B98 /* Release */ = {
			isa = XCBuildConfiguration;
			buildSettings = {
				BUNDLE_LOADER = "$(TEST_HOST)";
				FRAMEWORK_SEARCH_PATHS = (
					"$(SDKROOT)/Developer/Library/Frameworks",
					"$(inherited)",
				);
				INFOPLIST_FILE = HolyWeatherTests/Info.plist;
				LD_RUNPATH_SEARCH_PATHS = "$(inherited) @executable_path/Frameworks @loader_path/Frameworks";
				PRODUCT_NAME = "$(TARGET_NAME)";
				TEST_HOST = "$(BUILT_PRODUCTS_DIR)/HolyWeather.app/HolyWeather";
			};
			name = Release;
		};
		3ACC83B61AFD197E00ECC879 /* Debug */ = {
			isa = XCBuildConfiguration;
			buildSettings = {
				ASSETCATALOG_COMPILER_APPICON_NAME = AppIcon;
				EMBEDDED_CONTENT_CONTAINS_SWIFT = YES;
				GCC_PREPROCESSOR_DEFINITIONS = (
					"DEBUG=1",
					"$(inherited)",
				);
				IBSC_MODULE = HolyWeather_WatchKit_Extension;
				INFOPLIST_FILE = "HolyWeather WatchKit App/Info.plist";
				IPHONEOS_DEPLOYMENT_TARGET = 8.2;
				PRODUCT_NAME = "$(TARGET_NAME)";
				SKIP_INSTALL = YES;
				TARGETED_DEVICE_FAMILY = 4;
				"TARGETED_DEVICE_FAMILY[sdk=iphonesimulator*]" = "1,4";
			};
			name = Debug;
		};
		3ACC83B71AFD197E00ECC879 /* Release */ = {
			isa = XCBuildConfiguration;
			buildSettings = {
				ASSETCATALOG_COMPILER_APPICON_NAME = AppIcon;
				EMBEDDED_CONTENT_CONTAINS_SWIFT = YES;
				IBSC_MODULE = HolyWeather_WatchKit_Extension;
				INFOPLIST_FILE = "HolyWeather WatchKit App/Info.plist";
				IPHONEOS_DEPLOYMENT_TARGET = 8.2;
				PRODUCT_NAME = "$(TARGET_NAME)";
				SKIP_INSTALL = YES;
				TARGETED_DEVICE_FAMILY = 4;
				"TARGETED_DEVICE_FAMILY[sdk=iphonesimulator*]" = "1,4";
			};
			name = Release;
		};
		3ACC83B91AFD197E00ECC879 /* Debug */ = {
			isa = XCBuildConfiguration;
			buildSettings = {
				EMBEDDED_CONTENT_CONTAINS_SWIFT = YES;
				GCC_PREPROCESSOR_DEFINITIONS = (
					"DEBUG=1",
					"$(inherited)",
				);
				INFOPLIST_FILE = "HolyWeather WatchKit Extension/Info.plist";
				LD_RUNPATH_SEARCH_PATHS = "$(inherited) @executable_path/Frameworks @executable_path/../../Frameworks";
				PRODUCT_NAME = "${TARGET_NAME}";
				SKIP_INSTALL = YES;
			};
			name = Debug;
		};
		3ACC83BA1AFD197E00ECC879 /* Release */ = {
			isa = XCBuildConfiguration;
			buildSettings = {
				EMBEDDED_CONTENT_CONTAINS_SWIFT = YES;
				INFOPLIST_FILE = "HolyWeather WatchKit Extension/Info.plist";
				LD_RUNPATH_SEARCH_PATHS = "$(inherited) @executable_path/Frameworks @executable_path/../../Frameworks";
				PRODUCT_NAME = "${TARGET_NAME}";
				SKIP_INSTALL = YES;
			};
			name = Release;
		};
/* End XCBuildConfiguration section */

/* Begin XCConfigurationList section */
		3A9387211AFA8EF600730B98 /* Build configuration list for PBXProject "HolyWeather" */ = {
			isa = XCConfigurationList;
			buildConfigurations = (
				3A9387431AFA8EF600730B98 /* Debug */,
				3A9387441AFA8EF600730B98 /* Release */,
			);
			defaultConfigurationIsVisible = 0;
			defaultConfigurationName = Release;
		};
		3A9387451AFA8EF600730B98 /* Build configuration list for PBXNativeTarget "HolyWeather" */ = {
			isa = XCConfigurationList;
			buildConfigurations = (
				3A9387461AFA8EF600730B98 /* Debug */,
				3A9387471AFA8EF600730B98 /* Release */,
			);
			defaultConfigurationIsVisible = 0;
			defaultConfigurationName = Release;
		};
		3A9387481AFA8EF600730B98 /* Build configuration list for PBXNativeTarget "HolyWeatherTests" */ = {
			isa = XCConfigurationList;
			buildConfigurations = (
				3A9387491AFA8EF600730B98 /* Debug */,
				3A93874A1AFA8EF600730B98 /* Release */,
			);
			defaultConfigurationIsVisible = 0;
			defaultConfigurationName = Release;
		};
		3ACC83B51AFD197E00ECC879 /* Build configuration list for PBXNativeTarget "HolyWeather WatchKit App" */ = {
			isa = XCConfigurationList;
			buildConfigurations = (
				3ACC83B61AFD197E00ECC879 /* Debug */,
				3ACC83B71AFD197E00ECC879 /* Release */,
			);
			defaultConfigurationIsVisible = 0;
			defaultConfigurationName = Release;
		};
		3ACC83B81AFD197E00ECC879 /* Build configuration list for PBXNativeTarget "HolyWeather WatchKit Extension" */ = {
			isa = XCConfigurationList;
			buildConfigurations = (
				3ACC83B91AFD197E00ECC879 /* Debug */,
				3ACC83BA1AFD197E00ECC879 /* Release */,
			);
			defaultConfigurationIsVisible = 0;
			defaultConfigurationName = Release;
		};
/* End XCConfigurationList section */
	};
	rootObject = 3A93871E1AFA8EF600730B98 /* Project object */;
}
